// !$*UTF8*$!
{
	archiveVersion = 1;
	classes = {
	};
	objectVersion = 46;
	objects = {

/* Begin PBXBuildFile section */
		0A62B5561B9178AF00E812A3 /* MCPhotoBrower.m in Sources */ = {isa = PBXBuildFile; fileRef = 0A62B5551B9178AF00E812A3 /* MCPhotoBrower.m */; };
		0A68F6651D2123D8006D72A2 /* USAssetsPageViewController.m in Sources */ = {isa = PBXBuildFile; fileRef = 0A68F6641D2123D8006D72A2 /* USAssetsPageViewController.m */; };
		0A68F6681D212505006D72A2 /* USAssetItemViewController.m in Sources */ = {isa = PBXBuildFile; fileRef = 0A68F6671D212505006D72A2 /* USAssetItemViewController.m */; };
		0A68F66B1D213470006D72A2 /* USAssetScrollView.m in Sources */ = {isa = PBXBuildFile; fileRef = 0A68F66A1D213470006D72A2 /* USAssetScrollView.m */; };
		0A7A613E1D26160100A8A07B /* USPicker-Checkmark-Selected@2x.png in Resources */ = {isa = PBXBuildFile; fileRef = 0A7A611E1D26160100A8A07B /* USPicker-Checkmark-Selected@2x.png */; };
		0A7A613F1D26160100A8A07B /* USPicker-Checkmark-Selected@3x.png in Resources */ = {isa = PBXBuildFile; fileRef = 0A7A611F1D26160100A8A07B /* USPicker-Checkmark-Selected@3x.png */; };
		0A7A61431D26160100A8A07B /* AnimationController.m in Sources */ = {isa = PBXBuildFile; fileRef = 0A7A61251D26160100A8A07B /* AnimationController.m */; };
		0A7A61441D26160100A8A07B /* ImageAction.m in Sources */ = {isa = PBXBuildFile; fileRef = 0A7A61271D26160100A8A07B /* ImageAction.m */; };
		0A7A61451D26160100A8A07B /* ImageCollectionViewCell.m in Sources */ = {isa = PBXBuildFile; fileRef = 0A7A61291D26160100A8A07B /* ImageCollectionViewCell.m */; };
		0A7A61461D26160100A8A07B /* ImagePickerCollectionView.m in Sources */ = {isa = PBXBuildFile; fileRef = 0A7A612B1D26160100A8A07B /* ImagePickerCollectionView.m */; };
		0A7A61471D26160100A8A07B /* ImagePickerSheetController.m in Sources */ = {isa = PBXBuildFile; fileRef = 0A7A612D1D26160100A8A07B /* ImagePickerSheetController.m */; };
		0A7A61481D26160100A8A07B /* ImagePreviewFlowLayout.m in Sources */ = {isa = PBXBuildFile; fileRef = 0A7A612F1D26160100A8A07B /* ImagePreviewFlowLayout.m */; };
		0A7A61491D26160100A8A07B /* ImagePreviewTableViewCell.m in Sources */ = {isa = PBXBuildFile; fileRef = 0A7A61311D26160100A8A07B /* ImagePreviewTableViewCell.m */; };
		0A7A614A1D26160100A8A07B /* PreviewSupplementaryView-Checkmark-Selected.png in Resources */ = {isa = PBXBuildFile; fileRef = 0A7A61331D26160100A8A07B /* PreviewSupplementaryView-Checkmark-Selected.png */; };
		0A7A614B1D26160100A8A07B /* PreviewSupplementaryView-Checkmark-Selected@2x.png in Resources */ = {isa = PBXBuildFile; fileRef = 0A7A61341D26160100A8A07B /* PreviewSupplementaryView-Checkmark-Selected@2x.png */; };
		0A7A614C1D26160100A8A07B /* PreviewSupplementaryView-Checkmark-Selected@3x.png in Resources */ = {isa = PBXBuildFile; fileRef = 0A7A61351D26160100A8A07B /* PreviewSupplementaryView-Checkmark-Selected@3x.png */; };
		0A7A614D1D26160100A8A07B /* PreviewSupplementaryView-Checkmark.png in Resources */ = {isa = PBXBuildFile; fileRef = 0A7A61361D26160100A8A07B /* PreviewSupplementaryView-Checkmark.png */; };
		0A7A614E1D26160100A8A07B /* PreviewSupplementaryView-Checkmark@2x.png in Resources */ = {isa = PBXBuildFile; fileRef = 0A7A61371D26160100A8A07B /* PreviewSupplementaryView-Checkmark@2x.png */; };
		0A7A614F1D26160100A8A07B /* PreviewSupplementaryView-Checkmark@3x.png in Resources */ = {isa = PBXBuildFile; fileRef = 0A7A61381D26160100A8A07B /* PreviewSupplementaryView-Checkmark@3x.png */; };
		0A7A61501D26160100A8A07B /* PickerDemoViewController.m in Sources */ = {isa = PBXBuildFile; fileRef = 0A7A613A1D26160100A8A07B /* PickerDemoViewController.m */; };
		0A7A61511D26160100A8A07B /* PreviewSupplementaryView.m in Sources */ = {isa = PBXBuildFile; fileRef = 0A7A613C1D26160100A8A07B /* PreviewSupplementaryView.m */; };
		0A7A61541D2616A700A8A07B /* USImagePickerController.m in Sources */ = {isa = PBXBuildFile; fileRef = 0A7A61531D2616A700A8A07B /* USImagePickerController.m */; };
		0A7A61581D2618CC00A8A07B /* USAssetGroupViewController.m in Sources */ = {isa = PBXBuildFile; fileRef = 0A7A61561D2618CC00A8A07B /* USAssetGroupViewController.m */; };
		0A7A61591D2618CC00A8A07B /* USAssetGroupViewController.xib in Resources */ = {isa = PBXBuildFile; fileRef = 0A7A61571D2618CC00A8A07B /* USAssetGroupViewController.xib */; };
		0A7A615B1D2633D800A8A07B /* USPicker-Assets-Locked@2x.png in Resources */ = {isa = PBXBuildFile; fileRef = 0A7A615A1D2633D800A8A07B /* USPicker-Assets-Locked@2x.png */; };
		0A7A615F1D26482100A8A07B /* USAssetGroupTableCell.m in Sources */ = {isa = PBXBuildFile; fileRef = 0A7A615E1D26482100A8A07B /* USAssetGroupTableCell.m */; };
		0A7A61631D26558F00A8A07B /* USAssetsViewController.m in Sources */ = {isa = PBXBuildFile; fileRef = 0A7A61611D26558F00A8A07B /* USAssetsViewController.m */; };
		0A7A61641D26558F00A8A07B /* USAssetsViewController.xib in Resources */ = {isa = PBXBuildFile; fileRef = 0A7A61621D26558F00A8A07B /* USAssetsViewController.xib */; };
		0A7A616B1D267CE600A8A07B /* USAssetCollectionCell.m in Sources */ = {isa = PBXBuildFile; fileRef = 0A7A61691D267CE600A8A07B /* USAssetCollectionCell.m */; };
		0A7A616C1D267CE600A8A07B /* USAssetCollectionCell.xib in Resources */ = {isa = PBXBuildFile; fileRef = 0A7A616A1D267CE600A8A07B /* USAssetCollectionCell.xib */; };
		0A7A61701D2B5C2A00A8A07B /* USAssetsPreviewViewController.m in Sources */ = {isa = PBXBuildFile; fileRef = 0A7A616E1D2B5C2A00A8A07B /* USAssetsPreviewViewController.m */; };
		0A7A61711D2B5C2A00A8A07B /* USAssetsPreviewViewController.xib in Resources */ = {isa = PBXBuildFile; fileRef = 0A7A616F1D2B5C2A00A8A07B /* USAssetsPreviewViewController.xib */; };
		0A7A61771D2B937500A8A07B /* USPicker-Assets-Back@2x.png in Resources */ = {isa = PBXBuildFile; fileRef = 0A7A61761D2B937500A8A07B /* USPicker-Assets-Back@2x.png */; };
		0A7F76691B72E82C000332A1 /* ActivityHeaderView.m in Sources */ = {isa = PBXBuildFile; fileRef = 0A7F76671B72E82C000332A1 /* ActivityHeaderView.m */; };
		0A7F766A1B72E82C000332A1 /* ActivityHeaderView.xib in Resources */ = {isa = PBXBuildFile; fileRef = 0A7F76681B72E82C000332A1 /* ActivityHeaderView.xib */; };
		0A7F766E1B72E845000332A1 /* ActivityFooterView.m in Sources */ = {isa = PBXBuildFile; fileRef = 0A7F766C1B72E845000332A1 /* ActivityFooterView.m */; };
		0A7F766F1B72E845000332A1 /* ActivityFooterView.xib in Resources */ = {isa = PBXBuildFile; fileRef = 0A7F766D1B72E845000332A1 /* ActivityFooterView.xib */; };
		0A7F76731B72E887000332A1 /* ActivityCollectionCell.m in Sources */ = {isa = PBXBuildFile; fileRef = 0A7F76711B72E887000332A1 /* ActivityCollectionCell.m */; };
		0A7F76741B72E887000332A1 /* ActivityCollectionCell.xib in Resources */ = {isa = PBXBuildFile; fileRef = 0A7F76721B72E887000332A1 /* ActivityCollectionCell.xib */; };
		0A9BAA121BCCE86F0010147F /* event_layout.json in Resources */ = {isa = PBXBuildFile; fileRef = 0A9BAA111BCCE86F0010147F /* event_layout.json */; };
		0AC5AA981B723B07007F2DB3 /* main.m in Sources */ = {isa = PBXBuildFile; fileRef = 0AC5AA971B723B07007F2DB3 /* main.m */; };
		0AC5AA9B1B723B07007F2DB3 /* AppDelegate.m in Sources */ = {isa = PBXBuildFile; fileRef = 0AC5AA9A1B723B07007F2DB3 /* AppDelegate.m */; };
		0AC5AAA11B723B07007F2DB3 /* ViewController.m in Sources */ = {isa = PBXBuildFile; fileRef = 0AC5AAA01B723B07007F2DB3 /* ViewController.m */; };
		0AC5AAA41B723B07007F2DB3 /* Main.storyboard in Resources */ = {isa = PBXBuildFile; fileRef = 0AC5AAA21B723B07007F2DB3 /* Main.storyboard */; };
		0AC5AAA61B723B07007F2DB3 /* Images.xcassets in Resources */ = {isa = PBXBuildFile; fileRef = 0AC5AAA51B723B07007F2DB3 /* Images.xcassets */; };
		0AC5AAA91B723B07007F2DB3 /* LaunchScreen.xib in Resources */ = {isa = PBXBuildFile; fileRef = 0AC5AAA71B723B07007F2DB3 /* LaunchScreen.xib */; };
		0AC5AAC31B723DC2007F2DB3 /* ActivityViewController.m in Sources */ = {isa = PBXBuildFile; fileRef = 0AC5AAC11B723DC2007F2DB3 /* ActivityViewController.m */; };
		0AC5AAC71B723E82007F2DB3 /* MCActivityCollectionLayout.m in Sources */ = {isa = PBXBuildFile; fileRef = 0AC5AAC61B723E82007F2DB3 /* MCActivityCollectionLayout.m */; };
/* End PBXBuildFile section */

/* Begin PBXFileReference section */
		0A62B5541B9178AF00E812A3 /* MCPhotoBrower.h */ = {isa = PBXFileReference; fileEncoding = 4; lastKnownFileType = sourcecode.c.h; path = MCPhotoBrower.h; sourceTree = "<group>"; };
		0A62B5551B9178AF00E812A3 /* MCPhotoBrower.m */ = {isa = PBXFileReference; fileEncoding = 4; lastKnownFileType = sourcecode.c.objc; path = MCPhotoBrower.m; sourceTree = "<group>"; };
		0A68F6631D2123D8006D72A2 /* USAssetsPageViewController.h */ = {isa = PBXFileReference; fileEncoding = 4; lastKnownFileType = sourcecode.c.h; path = USAssetsPageViewController.h; sourceTree = "<group>"; };
		0A68F6641D2123D8006D72A2 /* USAssetsPageViewController.m */ = {isa = PBXFileReference; fileEncoding = 4; lastKnownFileType = sourcecode.c.objc; path = USAssetsPageViewController.m; sourceTree = "<group>"; };
		0A68F6661D212505006D72A2 /* USAssetItemViewController.h */ = {isa = PBXFileReference; fileEncoding = 4; lastKnownFileType = sourcecode.c.h; path = USAssetItemViewController.h; sourceTree = "<group>"; };
		0A68F6671D212505006D72A2 /* USAssetItemViewController.m */ = {isa = PBXFileReference; fileEncoding = 4; lastKnownFileType = sourcecode.c.objc; path = USAssetItemViewController.m; sourceTree = "<group>"; };
		0A68F6691D213470006D72A2 /* USAssetScrollView.h */ = {isa = PBXFileReference; fileEncoding = 4; lastKnownFileType = sourcecode.c.h; path = USAssetScrollView.h; sourceTree = "<group>"; };
		0A68F66A1D213470006D72A2 /* USAssetScrollView.m */ = {isa = PBXFileReference; fileEncoding = 4; lastKnownFileType = sourcecode.c.objc; path = USAssetScrollView.m; sourceTree = "<group>"; };
		0A7A611E1D26160100A8A07B /* USPicker-Checkmark-Selected@2x.png */ = {isa = PBXFileReference; lastKnownFileType = image.png; path = "USPicker-Checkmark-Selected@2x.png"; sourceTree = "<group>"; };
		0A7A611F1D26160100A8A07B /* USPicker-Checkmark-Selected@3x.png */ = {isa = PBXFileReference; lastKnownFileType = image.png; path = "USPicker-Checkmark-Selected@3x.png"; sourceTree = "<group>"; };
		0A7A61241D26160100A8A07B /* AnimationController.h */ = {isa = PBXFileReference; fileEncoding = 4; lastKnownFileType = sourcecode.c.h; path = AnimationController.h; sourceTree = "<group>"; };
		0A7A61251D26160100A8A07B /* AnimationController.m */ = {isa = PBXFileReference; fileEncoding = 4; lastKnownFileType = sourcecode.c.objc; path = AnimationController.m; sourceTree = "<group>"; };
		0A7A61261D26160100A8A07B /* ImageAction.h */ = {isa = PBXFileReference; fileEncoding = 4; lastKnownFileType = sourcecode.c.h; path = ImageAction.h; sourceTree = "<group>"; };
		0A7A61271D26160100A8A07B /* ImageAction.m */ = {isa = PBXFileReference; fileEncoding = 4; lastKnownFileType = sourcecode.c.objc; path = ImageAction.m; sourceTree = "<group>"; };
		0A7A61281D26160100A8A07B /* ImageCollectionViewCell.h */ = {isa = PBXFileReference; fileEncoding = 4; lastKnownFileType = sourcecode.c.h; path = ImageCollectionViewCell.h; sourceTree = "<group>"; };
		0A7A61291D26160100A8A07B /* ImageCollectionViewCell.m */ = {isa = PBXFileReference; fileEncoding = 4; lastKnownFileType = sourcecode.c.objc; path = ImageCollectionViewCell.m; sourceTree = "<group>"; };
		0A7A612A1D26160100A8A07B /* ImagePickerCollectionView.h */ = {isa = PBXFileReference; fileEncoding = 4; lastKnownFileType = sourcecode.c.h; path = ImagePickerCollectionView.h; sourceTree = "<group>"; };
		0A7A612B1D26160100A8A07B /* ImagePickerCollectionView.m */ = {isa = PBXFileReference; fileEncoding = 4; lastKnownFileType = sourcecode.c.objc; path = ImagePickerCollectionView.m; sourceTree = "<group>"; };
		0A7A612C1D26160100A8A07B /* ImagePickerSheetController.h */ = {isa = PBXFileReference; fileEncoding = 4; lastKnownFileType = sourcecode.c.h; path = ImagePickerSheetController.h; sourceTree = "<group>"; };
		0A7A612D1D26160100A8A07B /* ImagePickerSheetController.m */ = {isa = PBXFileReference; fileEncoding = 4; lastKnownFileType = sourcecode.c.objc; path = ImagePickerSheetController.m; sourceTree = "<group>"; };
		0A7A612E1D26160100A8A07B /* ImagePreviewFlowLayout.h */ = {isa = PBXFileReference; fileEncoding = 4; lastKnownFileType = sourcecode.c.h; path = ImagePreviewFlowLayout.h; sourceTree = "<group>"; };
		0A7A612F1D26160100A8A07B /* ImagePreviewFlowLayout.m */ = {isa = PBXFileReference; fileEncoding = 4; lastKnownFileType = sourcecode.c.objc; path = ImagePreviewFlowLayout.m; sourceTree = "<group>"; };
		0A7A61301D26160100A8A07B /* ImagePreviewTableViewCell.h */ = {isa = PBXFileReference; fileEncoding = 4; lastKnownFileType = sourcecode.c.h; path = ImagePreviewTableViewCell.h; sourceTree = "<group>"; };
		0A7A61311D26160100A8A07B /* ImagePreviewTableViewCell.m */ = {isa = PBXFileReference; fileEncoding = 4; lastKnownFileType = sourcecode.c.objc; path = ImagePreviewTableViewCell.m; sourceTree = "<group>"; };
		0A7A61331D26160100A8A07B /* PreviewSupplementaryView-Checkmark-Selected.png */ = {isa = PBXFileReference; lastKnownFileType = image.png; path = "PreviewSupplementaryView-Checkmark-Selected.png"; sourceTree = "<group>"; };
		0A7A61341D26160100A8A07B /* PreviewSupplementaryView-Checkmark-Selected@2x.png */ = {isa = PBXFileReference; lastKnownFileType = image.png; path = "PreviewSupplementaryView-Checkmark-Selected@2x.png"; sourceTree = "<group>"; };
		0A7A61351D26160100A8A07B /* PreviewSupplementaryView-Checkmark-Selected@3x.png */ = {isa = PBXFileReference; lastKnownFileType = image.png; path = "PreviewSupplementaryView-Checkmark-Selected@3x.png"; sourceTree = "<group>"; };
		0A7A61361D26160100A8A07B /* PreviewSupplementaryView-Checkmark.png */ = {isa = PBXFileReference; lastKnownFileType = image.png; path = "PreviewSupplementaryView-Checkmark.png"; sourceTree = "<group>"; };
		0A7A61371D26160100A8A07B /* PreviewSupplementaryView-Checkmark@2x.png */ = {isa = PBXFileReference; lastKnownFileType = image.png; path = "PreviewSupplementaryView-Checkmark@2x.png"; sourceTree = "<group>"; };
		0A7A61381D26160100A8A07B /* PreviewSupplementaryView-Checkmark@3x.png */ = {isa = PBXFileReference; lastKnownFileType = image.png; path = "PreviewSupplementaryView-Checkmark@3x.png"; sourceTree = "<group>"; };
		0A7A61391D26160100A8A07B /* PickerDemoViewController.h */ = {isa = PBXFileReference; fileEncoding = 4; lastKnownFileType = sourcecode.c.h; path = PickerDemoViewController.h; sourceTree = "<group>"; };
		0A7A613A1D26160100A8A07B /* PickerDemoViewController.m */ = {isa = PBXFileReference; fileEncoding = 4; lastKnownFileType = sourcecode.c.objc; path = PickerDemoViewController.m; sourceTree = "<group>"; };
		0A7A613B1D26160100A8A07B /* PreviewSupplementaryView.h */ = {isa = PBXFileReference; fileEncoding = 4; lastKnownFileType = sourcecode.c.h; path = PreviewSupplementaryView.h; sourceTree = "<group>"; };
		0A7A613C1D26160100A8A07B /* PreviewSupplementaryView.m */ = {isa = PBXFileReference; fileEncoding = 4; lastKnownFileType = sourcecode.c.objc; path = PreviewSupplementaryView.m; sourceTree = "<group>"; };
		0A7A61521D2616A700A8A07B /* USImagePickerController.h */ = {isa = PBXFileReference; fileEncoding = 4; lastKnownFileType = sourcecode.c.h; path = USImagePickerController.h; sourceTree = "<group>"; };
		0A7A61531D2616A700A8A07B /* USImagePickerController.m */ = {isa = PBXFileReference; fileEncoding = 4; lastKnownFileType = sourcecode.c.objc; path = USImagePickerController.m; sourceTree = "<group>"; };
		0A7A61551D2618CC00A8A07B /* USAssetGroupViewController.h */ = {isa = PBXFileReference; fileEncoding = 4; lastKnownFileType = sourcecode.c.h; path = USAssetGroupViewController.h; sourceTree = "<group>"; };
		0A7A61561D2618CC00A8A07B /* USAssetGroupViewController.m */ = {isa = PBXFileReference; fileEncoding = 4; lastKnownFileType = sourcecode.c.objc; path = USAssetGroupViewController.m; sourceTree = "<group>"; };
		0A7A61571D2618CC00A8A07B /* USAssetGroupViewController.xib */ = {isa = PBXFileReference; fileEncoding = 4; lastKnownFileType = file.xib; path = USAssetGroupViewController.xib; sourceTree = "<group>"; };
		0A7A615A1D2633D800A8A07B /* USPicker-Assets-Locked@2x.png */ = {isa = PBXFileReference; lastKnownFileType = image.png; path = "USPicker-Assets-Locked@2x.png"; sourceTree = "<group>"; };
		0A7A615C1D2643B700A8A07B /* USImagePickerController+Protect.h */ = {isa = PBXFileReference; lastKnownFileType = sourcecode.c.h; path = "USImagePickerController+Protect.h"; sourceTree = "<group>"; };
		0A7A615D1D26482100A8A07B /* USAssetGroupTableCell.h */ = {isa = PBXFileReference; fileEncoding = 4; lastKnownFileType = sourcecode.c.h; path = USAssetGroupTableCell.h; sourceTree = "<group>"; };
		0A7A615E1D26482100A8A07B /* USAssetGroupTableCell.m */ = {isa = PBXFileReference; fileEncoding = 4; lastKnownFileType = sourcecode.c.objc; path = USAssetGroupTableCell.m; sourceTree = "<group>"; };
		0A7A61601D26558F00A8A07B /* USAssetsViewController.h */ = {isa = PBXFileReference; fileEncoding = 4; lastKnownFileType = sourcecode.c.h; path = USAssetsViewController.h; sourceTree = "<group>"; };
		0A7A61611D26558F00A8A07B /* USAssetsViewController.m */ = {isa = PBXFileReference; fileEncoding = 4; lastKnownFileType = sourcecode.c.objc; path = USAssetsViewController.m; sourceTree = "<group>"; };
		0A7A61621D26558F00A8A07B /* USAssetsViewController.xib */ = {isa = PBXFileReference; fileEncoding = 4; lastKnownFileType = file.xib; path = USAssetsViewController.xib; sourceTree = "<group>"; };
		0A7A61681D267CE600A8A07B /* USAssetCollectionCell.h */ = {isa = PBXFileReference; fileEncoding = 4; lastKnownFileType = sourcecode.c.h; path = USAssetCollectionCell.h; sourceTree = "<group>"; };
		0A7A61691D267CE600A8A07B /* USAssetCollectionCell.m */ = {isa = PBXFileReference; fileEncoding = 4; lastKnownFileType = sourcecode.c.objc; path = USAssetCollectionCell.m; sourceTree = "<group>"; };
		0A7A616A1D267CE600A8A07B /* USAssetCollectionCell.xib */ = {isa = PBXFileReference; fileEncoding = 4; lastKnownFileType = file.xib; path = USAssetCollectionCell.xib; sourceTree = "<group>"; };
		0A7A616D1D2B5C2A00A8A07B /* USAssetsPreviewViewController.h */ = {isa = PBXFileReference; fileEncoding = 4; lastKnownFileType = sourcecode.c.h; path = USAssetsPreviewViewController.h; sourceTree = "<group>"; };
		0A7A616E1D2B5C2A00A8A07B /* USAssetsPreviewViewController.m */ = {isa = PBXFileReference; fileEncoding = 4; lastKnownFileType = sourcecode.c.objc; path = USAssetsPreviewViewController.m; sourceTree = "<group>"; };
		0A7A616F1D2B5C2A00A8A07B /* USAssetsPreviewViewController.xib */ = {isa = PBXFileReference; fileEncoding = 4; lastKnownFileType = file.xib; path = USAssetsPreviewViewController.xib; sourceTree = "<group>"; };
		0A7A61761D2B937500A8A07B /* USPicker-Assets-Back@2x.png */ = {isa = PBXFileReference; lastKnownFileType = image.png; path = "USPicker-Assets-Back@2x.png"; sourceTree = "<group>"; };
		0A7F76661B72E82C000332A1 /* ActivityHeaderView.h */ = {isa = PBXFileReference; fileEncoding = 4; lastKnownFileType = sourcecode.c.h; path = ActivityHeaderView.h; sourceTree = "<group>"; };
		0A7F76671B72E82C000332A1 /* ActivityHeaderView.m */ = {isa = PBXFileReference; fileEncoding = 4; lastKnownFileType = sourcecode.c.objc; path = ActivityHeaderView.m; sourceTree = "<group>"; };
		0A7F76681B72E82C000332A1 /* ActivityHeaderView.xib */ = {isa = PBXFileReference; fileEncoding = 4; lastKnownFileType = file.xib; path = ActivityHeaderView.xib; sourceTree = "<group>"; };
		0A7F766B1B72E845000332A1 /* ActivityFooterView.h */ = {isa = PBXFileReference; fileEncoding = 4; lastKnownFileType = sourcecode.c.h; name = ActivityFooterView.h; path = ../../ActivityFooterView.h; sourceTree = "<group>"; };
		0A7F766C1B72E845000332A1 /* ActivityFooterView.m */ = {isa = PBXFileReference; fileEncoding = 4; lastKnownFileType = sourcecode.c.objc; name = ActivityFooterView.m; path = ../../ActivityFooterView.m; sourceTree = "<group>"; };
		0A7F766D1B72E845000332A1 /* ActivityFooterView.xib */ = {isa = PBXFileReference; fileEncoding = 4; lastKnownFileType = file.xib; name = ActivityFooterView.xib; path = ../../ActivityFooterView.xib; sourceTree = "<group>"; };
		0A7F76701B72E887000332A1 /* ActivityCollectionCell.h */ = {isa = PBXFileReference; fileEncoding = 4; lastKnownFileType = sourcecode.c.h; path = ActivityCollectionCell.h; sourceTree = "<group>"; };
		0A7F76711B72E887000332A1 /* ActivityCollectionCell.m */ = {isa = PBXFileReference; fileEncoding = 4; lastKnownFileType = sourcecode.c.objc; path = ActivityCollectionCell.m; sourceTree = "<group>"; };
		0A7F76721B72E887000332A1 /* ActivityCollectionCell.xib */ = {isa = PBXFileReference; fileEncoding = 4; lastKnownFileType = file.xib; path = ActivityCollectionCell.xib; sourceTree = "<group>"; };
		0A9BAA111BCCE86F0010147F /* event_layout.json */ = {isa = PBXFileReference; fileEncoding = 4; lastKnownFileType = text.json; path = event_layout.json; sourceTree = "<group>"; };
		0AC5AA921B723B07007F2DB3 /* CollectionView.app */ = {isa = PBXFileReference; explicitFileType = wrapper.application; includeInIndex = 0; path = CollectionView.app; sourceTree = BUILT_PRODUCTS_DIR; };
		0AC5AA961B723B07007F2DB3 /* Info.plist */ = {isa = PBXFileReference; lastKnownFileType = text.plist.xml; path = Info.plist; sourceTree = "<group>"; };
		0AC5AA971B723B07007F2DB3 /* main.m */ = {isa = PBXFileReference; lastKnownFileType = sourcecode.c.objc; path = main.m; sourceTree = "<group>"; };
		0AC5AA991B723B07007F2DB3 /* AppDelegate.h */ = {isa = PBXFileReference; lastKnownFileType = sourcecode.c.h; path = AppDelegate.h; sourceTree = "<group>"; };
		0AC5AA9A1B723B07007F2DB3 /* AppDelegate.m */ = {isa = PBXFileReference; lastKnownFileType = sourcecode.c.objc; path = AppDelegate.m; sourceTree = "<group>"; };
		0AC5AA9F1B723B07007F2DB3 /* ViewController.h */ = {isa = PBXFileReference; lastKnownFileType = sourcecode.c.h; path = ViewController.h; sourceTree = "<group>"; };
		0AC5AAA01B723B07007F2DB3 /* ViewController.m */ = {isa = PBXFileReference; lastKnownFileType = sourcecode.c.objc; path = ViewController.m; sourceTree = "<group>"; };
		0AC5AAA31B723B07007F2DB3 /* Base */ = {isa = PBXFileReference; lastKnownFileType = file.storyboard; name = Base; path = Base.lproj/Main.storyboard; sourceTree = "<group>"; };
		0AC5AAA51B723B07007F2DB3 /* Images.xcassets */ = {isa = PBXFileReference; lastKnownFileType = folder.assetcatalog; path = Images.xcassets; sourceTree = "<group>"; };
		0AC5AAA81B723B07007F2DB3 /* Base */ = {isa = PBXFileReference; lastKnownFileType = file.xib; name = Base; path = Base.lproj/LaunchScreen.xib; sourceTree = "<group>"; };
		0AC5AAC01B723DC2007F2DB3 /* ActivityViewController.h */ = {isa = PBXFileReference; fileEncoding = 4; lastKnownFileType = sourcecode.c.h; path = ActivityViewController.h; sourceTree = "<group>"; };
		0AC5AAC11B723DC2007F2DB3 /* ActivityViewController.m */ = {isa = PBXFileReference; fileEncoding = 4; lastKnownFileType = sourcecode.c.objc; path = ActivityViewController.m; sourceTree = "<group>"; };
		0AC5AAC51B723E82007F2DB3 /* MCActivityCollectionLayout.h */ = {isa = PBXFileReference; fileEncoding = 4; lastKnownFileType = sourcecode.c.h; path = MCActivityCollectionLayout.h; sourceTree = "<group>"; };
		0AC5AAC61B723E82007F2DB3 /* MCActivityCollectionLayout.m */ = {isa = PBXFileReference; fileEncoding = 4; lastKnownFileType = sourcecode.c.objc; path = MCActivityCollectionLayout.m; sourceTree = "<group>"; };
/* End PBXFileReference section */

/* Begin PBXFrameworksBuildPhase section */
		0AC5AA8F1B723B07007F2DB3 /* Frameworks */ = {
			isa = PBXFrameworksBuildPhase;
			buildActionMask = 2147483647;
			files = (
			);
			runOnlyForDeploymentPostprocessing = 0;
		};
/* End PBXFrameworksBuildPhase section */

/* Begin PBXGroup section */
		0A62B5531B91784E00E812A3 /* brower */ = {
			isa = PBXGroup;
			children = (
				0A62B5541B9178AF00E812A3 /* MCPhotoBrower.h */,
				0A62B5551B9178AF00E812A3 /* MCPhotoBrower.m */,
				0A68F6691D213470006D72A2 /* USAssetScrollView.h */,
				0A68F66A1D213470006D72A2 /* USAssetScrollView.m */,
				0A68F6631D2123D8006D72A2 /* USAssetsPageViewController.h */,
				0A68F6641D2123D8006D72A2 /* USAssetsPageViewController.m */,
				0A68F6661D212505006D72A2 /* USAssetItemViewController.h */,
				0A68F6671D212505006D72A2 /* USAssetItemViewController.m */,
			);
			path = brower;
			sourceTree = "<group>";
		};
		0A7A611B1D26160100A8A07B /* picker */ = {
			isa = PBXGroup;
			children = (
				0A7A611C1D26160100A8A07B /* images */,
				0A7A61521D2616A700A8A07B /* USImagePickerController.h */,
				0A7A61531D2616A700A8A07B /* USImagePickerController.m */,
				0A7A615C1D2643B700A8A07B /* USImagePickerController+Protect.h */,
				0A7A61681D267CE600A8A07B /* USAssetCollectionCell.h */,
				0A7A61691D267CE600A8A07B /* USAssetCollectionCell.m */,
				0A7A616A1D267CE600A8A07B /* USAssetCollectionCell.xib */,
				0A7A61601D26558F00A8A07B /* USAssetsViewController.h */,
				0A7A61611D26558F00A8A07B /* USAssetsViewController.m */,
				0A7A61621D26558F00A8A07B /* USAssetsViewController.xib */,
				0A7A616D1D2B5C2A00A8A07B /* USAssetsPreviewViewController.h */,
				0A7A616E1D2B5C2A00A8A07B /* USAssetsPreviewViewController.m */,
				0A7A616F1D2B5C2A00A8A07B /* USAssetsPreviewViewController.xib */,
				0A7A615D1D26482100A8A07B /* USAssetGroupTableCell.h */,
				0A7A615E1D26482100A8A07B /* USAssetGroupTableCell.m */,
				0A7A61551D2618CC00A8A07B /* USAssetGroupViewController.h */,
				0A7A61561D2618CC00A8A07B /* USAssetGroupViewController.m */,
				0A7A61571D2618CC00A8A07B /* USAssetGroupViewController.xib */,
			);
			path = picker;
			sourceTree = "<group>";
		};
		0A7A611C1D26160100A8A07B /* images */ = {
			isa = PBXGroup;
			children = (
				0A7A611E1D26160100A8A07B /* USPicker-Checkmark-Selected@2x.png */,
				0A7A611F1D26160100A8A07B /* USPicker-Checkmark-Selected@3x.png */,
				0A7A615A1D2633D800A8A07B /* USPicker-Assets-Locked@2x.png */,
				0A7A61761D2B937500A8A07B /* USPicker-Assets-Back@2x.png */,
			);
			path = images;
			sourceTree = "<group>";
		};
		0A7A61231D26160100A8A07B /* sheet */ = {
			isa = PBXGroup;
			children = (
				0A7A61321D26160100A8A07B /* images */,
				0A7A61241D26160100A8A07B /* AnimationController.h */,
				0A7A61251D26160100A8A07B /* AnimationController.m */,
				0A7A61261D26160100A8A07B /* ImageAction.h */,
				0A7A61271D26160100A8A07B /* ImageAction.m */,
				0A7A61281D26160100A8A07B /* ImageCollectionViewCell.h */,
				0A7A61291D26160100A8A07B /* ImageCollectionViewCell.m */,
				0A7A612A1D26160100A8A07B /* ImagePickerCollectionView.h */,
				0A7A612B1D26160100A8A07B /* ImagePickerCollectionView.m */,
				0A7A612E1D26160100A8A07B /* ImagePreviewFlowLayout.h */,
				0A7A612F1D26160100A8A07B /* ImagePreviewFlowLayout.m */,
				0A7A61301D26160100A8A07B /* ImagePreviewTableViewCell.h */,
				0A7A61311D26160100A8A07B /* ImagePreviewTableViewCell.m */,
				0A7A613B1D26160100A8A07B /* PreviewSupplementaryView.h */,
				0A7A613C1D26160100A8A07B /* PreviewSupplementaryView.m */,
				0A7A612C1D26160100A8A07B /* ImagePickerSheetController.h */,
				0A7A612D1D26160100A8A07B /* ImagePickerSheetController.m */,
				0A7A61391D26160100A8A07B /* PickerDemoViewController.h */,
				0A7A613A1D26160100A8A07B /* PickerDemoViewController.m */,
			);
			path = sheet;
			sourceTree = "<group>";
		};
		0A7A61321D26160100A8A07B /* images */ = {
			isa = PBXGroup;
			children = (
				0A7A61331D26160100A8A07B /* PreviewSupplementaryView-Checkmark-Selected.png */,
				0A7A61341D26160100A8A07B /* PreviewSupplementaryView-Checkmark-Selected@2x.png */,
				0A7A61351D26160100A8A07B /* PreviewSupplementaryView-Checkmark-Selected@3x.png */,
				0A7A61361D26160100A8A07B /* PreviewSupplementaryView-Checkmark.png */,
				0A7A61371D26160100A8A07B /* PreviewSupplementaryView-Checkmark@2x.png */,
				0A7A61381D26160100A8A07B /* PreviewSupplementaryView-Checkmark@3x.png */,
			);
			path = images;
			sourceTree = "<group>";
		};
		0AC5AA891B723B07007F2DB3 = {
			isa = PBXGroup;
			children = (
				0AC5AA941B723B07007F2DB3 /* CollectionView */,
				0AC5AA931B723B07007F2DB3 /* Products */,
			);
			sourceTree = "<group>";
		};
		0AC5AA931B723B07007F2DB3 /* Products */ = {
			isa = PBXGroup;
			children = (
				0AC5AA921B723B07007F2DB3 /* CollectionView.app */,
			);
			name = Products;
			sourceTree = "<group>";
		};
		0AC5AA941B723B07007F2DB3 /* CollectionView */ = {
			isa = PBXGroup;
			children = (
				0AC5AA991B723B07007F2DB3 /* AppDelegate.h */,
				0AC5AA9A1B723B07007F2DB3 /* AppDelegate.m */,
				0AC5AA9F1B723B07007F2DB3 /* ViewController.h */,
				0AC5AAA01B723B07007F2DB3 /* ViewController.m */,
				0A7A611B1D26160100A8A07B /* picker */,
				0A7A61231D26160100A8A07B /* sheet */,
				0A62B5531B91784E00E812A3 /* brower */,
				0AC5AABE1B723D87007F2DB3 /* activity */,
				0AC5AAA21B723B07007F2DB3 /* Main.storyboard */,
				0AC5AAA51B723B07007F2DB3 /* Images.xcassets */,
				0AC5AAA71B723B07007F2DB3 /* LaunchScreen.xib */,
				0AC5AA951B723B07007F2DB3 /* Supporting Files */,
			);
			path = CollectionView;
			sourceTree = "<group>";
		};
		0AC5AA951B723B07007F2DB3 /* Supporting Files */ = {
			isa = PBXGroup;
			children = (
				0AC5AA961B723B07007F2DB3 /* Info.plist */,
				0AC5AA971B723B07007F2DB3 /* main.m */,
			);
			name = "Supporting Files";
			sourceTree = "<group>";
		};
		0AC5AABE1B723D87007F2DB3 /* activity */ = {
			isa = PBXGroup;
			children = (
				0A7F76661B72E82C000332A1 /* ActivityHeaderView.h */,
				0A7F76671B72E82C000332A1 /* ActivityHeaderView.m */,
				0A7F76681B72E82C000332A1 /* ActivityHeaderView.xib */,
				0A7F766B1B72E845000332A1 /* ActivityFooterView.h */,
				0A7F766C1B72E845000332A1 /* ActivityFooterView.m */,
				0A7F766D1B72E845000332A1 /* ActivityFooterView.xib */,
				0A7F76701B72E887000332A1 /* ActivityCollectionCell.h */,
				0A7F76711B72E887000332A1 /* ActivityCollectionCell.m */,
				0A7F76721B72E887000332A1 /* ActivityCollectionCell.xib */,
				0AC5AAC01B723DC2007F2DB3 /* ActivityViewController.h */,
				0AC5AAC11B723DC2007F2DB3 /* ActivityViewController.m */,
				0A9BAA111BCCE86F0010147F /* event_layout.json */,
				0AC5AAC51B723E82007F2DB3 /* MCActivityCollectionLayout.h */,
				0AC5AAC61B723E82007F2DB3 /* MCActivityCollectionLayout.m */,
			);
			path = activity;
			sourceTree = "<group>";
		};
/* End PBXGroup section */

/* Begin PBXNativeTarget section */
		0AC5AA911B723B07007F2DB3 /* CollectionView */ = {
			isa = PBXNativeTarget;
			buildConfigurationList = 0AC5AAB81B723B07007F2DB3 /* Build configuration list for PBXNativeTarget "CollectionView" */;
			buildPhases = (
				0AC5AA8E1B723B07007F2DB3 /* Sources */,
				0AC5AA8F1B723B07007F2DB3 /* Frameworks */,
				0AC5AA901B723B07007F2DB3 /* Resources */,
			);
			buildRules = (
			);
			dependencies = (
			);
			name = CollectionView;
			productName = CollectionView;
			productReference = 0AC5AA921B723B07007F2DB3 /* CollectionView.app */;
			productType = "com.apple.product-type.application";
		};
/* End PBXNativeTarget section */

/* Begin PBXProject section */
		0AC5AA8A1B723B07007F2DB3 /* Project object */ = {
			isa = PBXProject;
			attributes = {
				LastUpgradeCheck = 0730;
				ORGANIZATIONNAME = marujun;
				TargetAttributes = {
					0AC5AA911B723B07007F2DB3 = {
						CreatedOnToolsVersion = 6.4;
					};
				};
			};
			buildConfigurationList = 0AC5AA8D1B723B07007F2DB3 /* Build configuration list for PBXProject "CollectionView" */;
			compatibilityVersion = "Xcode 3.2";
			developmentRegion = English;
			hasScannedForEncodings = 0;
			knownRegions = (
				en,
				Base,
			);
			mainGroup = 0AC5AA891B723B07007F2DB3;
			productRefGroup = 0AC5AA931B723B07007F2DB3 /* Products */;
			projectDirPath = "";
			projectRoot = "";
			targets = (
				0AC5AA911B723B07007F2DB3 /* CollectionView */,
			);
		};
/* End PBXProject section */

/* Begin PBXResourcesBuildPhase section */
		0AC5AA901B723B07007F2DB3 /* Resources */ = {
			isa = PBXResourcesBuildPhase;
			buildActionMask = 2147483647;
			files = (
				0A7A61641D26558F00A8A07B /* USAssetsViewController.xib in Resources */,
				0A7A614C1D26160100A8A07B /* PreviewSupplementaryView-Checkmark-Selected@3x.png in Resources */,
				0A7A616C1D267CE600A8A07B /* USAssetCollectionCell.xib in Resources */,
				0A7A614B1D26160100A8A07B /* PreviewSupplementaryView-Checkmark-Selected@2x.png in Resources */,
				0A7A61771D2B937500A8A07B /* USPicker-Assets-Back@2x.png in Resources */,
				0A7F76741B72E887000332A1 /* ActivityCollectionCell.xib in Resources */,
				0A7F766A1B72E82C000332A1 /* ActivityHeaderView.xib in Resources */,
				0A7A615B1D2633D800A8A07B /* USPicker-Assets-Locked@2x.png in Resources */,
				0A7A614D1D26160100A8A07B /* PreviewSupplementaryView-Checkmark.png in Resources */,
				0A7A613F1D26160100A8A07B /* USPicker-Checkmark-Selected@3x.png in Resources */,
				0A7A613E1D26160100A8A07B /* USPicker-Checkmark-Selected@2x.png in Resources */,
				0AC5AAA41B723B07007F2DB3 /* Main.storyboard in Resources */,
				0A9BAA121BCCE86F0010147F /* event_layout.json in Resources */,
				0A7A61591D2618CC00A8A07B /* USAssetGroupViewController.xib in Resources */,
				0A7A61711D2B5C2A00A8A07B /* USAssetsPreviewViewController.xib in Resources */,
				0AC5AAA91B723B07007F2DB3 /* LaunchScreen.xib in Resources */,
				0A7A614F1D26160100A8A07B /* PreviewSupplementaryView-Checkmark@3x.png in Resources */,
				0A7A614A1D26160100A8A07B /* PreviewSupplementaryView-Checkmark-Selected.png in Resources */,
				0AC5AAA61B723B07007F2DB3 /* Images.xcassets in Resources */,
				0A7A614E1D26160100A8A07B /* PreviewSupplementaryView-Checkmark@2x.png in Resources */,
				0A7F766F1B72E845000332A1 /* ActivityFooterView.xib in Resources */,
			);
			runOnlyForDeploymentPostprocessing = 0;
		};
/* End PBXResourcesBuildPhase section */

/* Begin PBXSourcesBuildPhase section */
		0AC5AA8E1B723B07007F2DB3 /* Sources */ = {
			isa = PBXSourcesBuildPhase;
			buildActionMask = 2147483647;
			files = (
				0A68F66B1D213470006D72A2 /* USAssetScrollView.m in Sources */,
				0A7A61431D26160100A8A07B /* AnimationController.m in Sources */,
				0A7F76691B72E82C000332A1 /* ActivityHeaderView.m in Sources */,
				0A7A61501D26160100A8A07B /* PickerDemoViewController.m in Sources */,
				0A68F6651D2123D8006D72A2 /* USAssetsPageViewController.m in Sources */,
				0A7A61461D26160100A8A07B /* ImagePickerCollectionView.m in Sources */,
				0AC5AAC71B723E82007F2DB3 /* MCActivityCollectionLayout.m in Sources */,
				0A7A61481D26160100A8A07B /* ImagePreviewFlowLayout.m in Sources */,
				0A68F6681D212505006D72A2 /* USAssetItemViewController.m in Sources */,
				0A7F766E1B72E845000332A1 /* ActivityFooterView.m in Sources */,
				0AC5AA9B1B723B07007F2DB3 /* AppDelegate.m in Sources */,
				0A7A61631D26558F00A8A07B /* USAssetsViewController.m in Sources */,
				0A7A61491D26160100A8A07B /* ImagePreviewTableViewCell.m in Sources */,
				0A7A61441D26160100A8A07B /* ImageAction.m in Sources */,
				0A62B5561B9178AF00E812A3 /* MCPhotoBrower.m in Sources */,
				0A7A61581D2618CC00A8A07B /* USAssetGroupViewController.m in Sources */,
				0A7F76731B72E887000332A1 /* ActivityCollectionCell.m in Sources */,
				0A7A615F1D26482100A8A07B /* USAssetGroupTableCell.m in Sources */,
				0A7A61511D26160100A8A07B /* PreviewSupplementaryView.m in Sources */,
				0A7A61541D2616A700A8A07B /* USImagePickerController.m in Sources */,
				0AC5AAA11B723B07007F2DB3 /* ViewController.m in Sources */,
				0A7A61451D26160100A8A07B /* ImageCollectionViewCell.m in Sources */,
				0A7A61471D26160100A8A07B /* ImagePickerSheetController.m in Sources */,
				0AC5AA981B723B07007F2DB3 /* main.m in Sources */,
				0AC5AAC31B723DC2007F2DB3 /* ActivityViewController.m in Sources */,
				0A7A616B1D267CE600A8A07B /* USAssetCollectionCell.m in Sources */,
				0A7A61701D2B5C2A00A8A07B /* USAssetsPreviewViewController.m in Sources */,
			);
			runOnlyForDeploymentPostprocessing = 0;
		};
/* End PBXSourcesBuildPhase section */

/* Begin PBXVariantGroup section */
		0AC5AAA21B723B07007F2DB3 /* Main.storyboard */ = {
			isa = PBXVariantGroup;
			children = (
				0AC5AAA31B723B07007F2DB3 /* Base */,
			);
			name = Main.storyboard;
			sourceTree = "<group>";
		};
		0AC5AAA71B723B07007F2DB3 /* LaunchScreen.xib */ = {
			isa = PBXVariantGroup;
			children = (
				0AC5AAA81B723B07007F2DB3 /* Base */,
			);
			name = LaunchScreen.xib;
			sourceTree = "<group>";
		};
/* End PBXVariantGroup section */

/* Begin XCBuildConfiguration section */
		0AC5AAB61B723B07007F2DB3 /* Debug */ = {
			isa = XCBuildConfiguration;
			buildSettings = {
				ALWAYS_SEARCH_USER_PATHS = NO;
				CLANG_CXX_LANGUAGE_STANDARD = "gnu++0x";
				CLANG_CXX_LIBRARY = "libc++";
				CLANG_ENABLE_MODULES = YES;
				CLANG_ENABLE_OBJC_ARC = YES;
				CLANG_WARN_BOOL_CONVERSION = YES;
				CLANG_WARN_CONSTANT_CONVERSION = YES;
				CLANG_WARN_DIRECT_OBJC_ISA_USAGE = YES_ERROR;
				CLANG_WARN_EMPTY_BODY = YES;
				CLANG_WARN_ENUM_CONVERSION = YES;
				CLANG_WARN_INT_CONVERSION = YES;
				CLANG_WARN_OBJC_ROOT_CLASS = YES_ERROR;
				CLANG_WARN_UNREACHABLE_CODE = YES;
				CLANG_WARN__DUPLICATE_METHOD_MATCH = YES;
				"CODE_SIGN_IDENTITY[sdk=iphoneos*]" = "iPhone Developer";
				COPY_PHASE_STRIP = NO;
				DEBUG_INFORMATION_FORMAT = "dwarf-with-dsym";
				ENABLE_STRICT_OBJC_MSGSEND = YES;
				ENABLE_TESTABILITY = YES;
				GCC_C_LANGUAGE_STANDARD = gnu99;
				GCC_DYNAMIC_NO_PIC = NO;
				GCC_NO_COMMON_BLOCKS = YES;
				GCC_OPTIMIZATION_LEVEL = 0;
				GCC_PREPROCESSOR_DEFINITIONS = (
					"DEBUG=1",
					"$(inherited)",
				);
				GCC_SYMBOLS_PRIVATE_EXTERN = NO;
				GCC_WARN_64_TO_32_BIT_CONVERSION = YES;
				GCC_WARN_ABOUT_RETURN_TYPE = YES_ERROR;
				GCC_WARN_UNDECLARED_SELECTOR = YES;
				GCC_WARN_UNINITIALIZED_AUTOS = YES_AGGRESSIVE;
				GCC_WARN_UNUSED_FUNCTION = YES;
				GCC_WARN_UNUSED_VARIABLE = YES;
				IPHONEOS_DEPLOYMENT_TARGET = 8.4;
				MTL_ENABLE_DEBUG_INFO = YES;
				ONLY_ACTIVE_ARCH = YES;
				SDKROOT = iphoneos;
			};
			name = Debug;
		};
		0AC5AAB71B723B07007F2DB3 /* Release */ = {
			isa = XCBuildConfiguration;
			buildSettings = {
				ALWAYS_SEARCH_USER_PATHS = NO;
				CLANG_CXX_LANGUAGE_STANDARD = "gnu++0x";
				CLANG_CXX_LIBRARY = "libc++";
				CLANG_ENABLE_MODULES = YES;
				CLANG_ENABLE_OBJC_ARC = YES;
				CLANG_WARN_BOOL_CONVERSION = YES;
				CLANG_WARN_CONSTANT_CONVERSION = YES;
				CLANG_WARN_DIRECT_OBJC_ISA_USAGE = YES_ERROR;
				CLANG_WARN_EMPTY_BODY = YES;
				CLANG_WARN_ENUM_CONVERSION = YES;
				CLANG_WARN_INT_CONVERSION = YES;
				CLANG_WARN_OBJC_ROOT_CLASS = YES_ERROR;
				CLANG_WARN_UNREACHABLE_CODE = YES;
				CLANG_WARN__DUPLICATE_METHOD_MATCH = YES;
				"CODE_SIGN_IDENTITY[sdk=iphoneos*]" = "iPhone Developer";
				COPY_PHASE_STRIP = NO;
				DEBUG_INFORMATION_FORMAT = "dwarf-with-dsym";
				ENABLE_NS_ASSERTIONS = NO;
				ENABLE_STRICT_OBJC_MSGSEND = YES;
				GCC_C_LANGUAGE_STANDARD = gnu99;
				GCC_NO_COMMON_BLOCKS = YES;
				GCC_WARN_64_TO_32_BIT_CONVERSION = YES;
				GCC_WARN_ABOUT_RETURN_TYPE = YES_ERROR;
				GCC_WARN_UNDECLARED_SELECTOR = YES;
				GCC_WARN_UNINITIALIZED_AUTOS = YES_AGGRESSIVE;
				GCC_WARN_UNUSED_FUNCTION = YES;
				GCC_WARN_UNUSED_VARIABLE = YES;
				IPHONEOS_DEPLOYMENT_TARGET = 8.4;
				MTL_ENABLE_DEBUG_INFO = NO;
				SDKROOT = iphoneos;
				VALIDATE_PRODUCT = YES;
			};
			name = Release;
		};
		0AC5AAB91B723B07007F2DB3 /* Debug */ = {
			isa = XCBuildConfiguration;
			buildSettings = {
				ASSETCATALOG_COMPILER_APPICON_NAME = AppIcon;
				INFOPLIST_FILE = CollectionView/Info.plist;
				IPHONEOS_DEPLOYMENT_TARGET = 7.0;
				LD_RUNPATH_SEARCH_PATHS = "$(inherited) @executable_path/Frameworks";
				PRODUCT_BUNDLE_IDENTIFIER = jizhi.collectionview;
				PRODUCT_NAME = "$(TARGET_NAME)";
			};
			name = Debug;
		};
		0AC5AABA1B723B07007F2DB3 /* Release */ = {
			isa = XCBuildConfiguration;
			buildSettings = {
				ASSETCATALOG_COMPILER_APPICON_NAME = AppIcon;
				INFOPLIST_FILE = CollectionView/Info.plist;
				IPHONEOS_DEPLOYMENT_TARGET = 7.0;
				LD_RUNPATH_SEARCH_PATHS = "$(inherited) @executable_path/Frameworks";
				PRODUCT_BUNDLE_IDENTIFIER = jizhi.collectionview;
				PRODUCT_NAME = "$(TARGET_NAME)";
			};
			name = Release;
		};
/* End XCBuildConfiguration section */

/* Begin XCConfigurationList section */
		0AC5AA8D1B723B07007F2DB3 /* Build configuration list for PBXProject "CollectionView" */ = {
			isa = XCConfigurationList;
			buildConfigurations = (
				0AC5AAB61B723B07007F2DB3 /* Debug */,
				0AC5AAB71B723B07007F2DB3 /* Release */,
			);
			defaultConfigurationIsVisible = 0;
			defaultConfigurationName = Release;
		};
		0AC5AAB81B723B07007F2DB3 /* Build configuration list for PBXNativeTarget "CollectionView" */ = {
			isa = XCConfigurationList;
			buildConfigurations = (
				0AC5AAB91B723B07007F2DB3 /* Debug */,
				0AC5AABA1B723B07007F2DB3 /* Release */,
			);
			defaultConfigurationIsVisible = 0;
			defaultConfigurationName = Release;
		};
/* End XCConfigurationList section */
	};
	rootObject = 0AC5AA8A1B723B07007F2DB3 /* Project object */;
}
